
Microsoft Visual Studio Solution File, Format Version 12.00
# Visual Studio Version 17
VisualStudioVersion = 17.6.33815.320
MinimumVisualStudioVersion = 10.0.40219.1
Project("{FAE04EC0-301F-11D3-BF4B-00C04F79EFBC}") = "GridRenameFix", "GridRenameFix\GridRenameFix.csproj", "{4ED1256B-0330-4A6D-A29F-DD6B7E5C304F}"
EndProject
Global
	GlobalSection(SolutionConfigurationPlatforms) = preSolution
		Debug|Any CPU = Debug|Any CPU
		Release|Any CPU = Release|Any CPU
	EndGlobalSection
	GlobalSection(ProjectConfigurationPlatforms) = postSolution
		{4ED1256B-0330-4A6D-A29F-DD6B7E5C304F}.Debug|Any CPU.ActiveCfg = Debug|Any CPU
		{4ED1256B-0330-4A6D-A29F-DD6B7E5C304F}.Debug|Any CPU.Build.0 = Debug|Any CPU
		{4ED1256B-0330-4A6D-A29F-DD6B7E5C304F}.Release|Any CPU.ActiveCfg = Release|Any CPU
		{4ED1256B-0330-4A6D-A29F-DD6B7E5C304F}.Release|Any CPU.Build.0 = Release|Any CPU
	EndGlobalSection
	GlobalSection(SolutionProperties) = preSolution
		HideSolutionNode = FALSE
	EndGlobalSection
	GlobalSection(ExtensibilityGlobals) = postSolution
		SolutionGuid = {0B5D592C-F5C6-4BBD-945E-29C439224CED}
	EndGlobalSection
EndGlobal
